// !$*UTF8*$!
{
	archiveVersion = 1;
	classes = {
	};
	objectVersion = 56;
	objects = {

/* Begin PBXBuildFile section */
		DE8F49822AA99EFB0028C055 /* AppDelegate.swift in Sources */ = {isa = PBXBuildFile; fileRef = DE8F49812AA99EFB0028C055 /* AppDelegate.swift */; };
		DE8F49842AA99EFB0028C055 /* SceneDelegate.swift in Sources */ = {isa = PBXBuildFile; fileRef = DE8F49832AA99EFB0028C055 /* SceneDelegate.swift */; };
		DE8F49862AA99EFB0028C055 /* ViewController.swift in Sources */ = {isa = PBXBuildFile; fileRef = DE8F49852AA99EFB0028C055 /* ViewController.swift */; };
		DE8F498B2AA99EFD0028C055 /* Assets.xcassets in Resources */ = {isa = PBXBuildFile; fileRef = DE8F498A2AA99EFD0028C055 /* Assets.xcassets */; };
		DE8F498E2AA99EFD0028C055 /* LaunchScreen.storyboard in Resources */ = {isa = PBXBuildFile; fileRef = DE8F498C2AA99EFD0028C055 /* LaunchScreen.storyboard */; };
		DE8F49972AA99F250028C055 /* SnapKit in Frameworks */ = {isa = PBXBuildFile; productRef = DE8F49962AA99F250028C055 /* SnapKit */; };
		DE8F499A2AA99F340028C055 /* Alamofire in Frameworks */ = {isa = PBXBuildFile; productRef = DE8F49992AA99F340028C055 /* Alamofire */; };
		DE8F499D2AA99F930028C055 /* Realm in Frameworks */ = {isa = PBXBuildFile; productRef = DE8F499C2AA99F930028C055 /* Realm */; };
		DE8F499F2AA99F930028C055 /* RealmSwift in Frameworks */ = {isa = PBXBuildFile; productRef = DE8F499E2AA99F930028C055 /* RealmSwift */; };
		DE8F49A82AA9A3E40028C055 /* BaseView.swift in Sources */ = {isa = PBXBuildFile; fileRef = DE8F49A72AA9A3E40028C055 /* BaseView.swift */; };
		DE8F49AD2AA9A50B0028C055 /* BaseViewController.swift in Sources */ = {isa = PBXBuildFile; fileRef = DE8F49AC2AA9A50B0028C055 /* BaseViewController.swift */; };
		DE8F49AF2AA9A5810028C055 /* UIViewController+Extension.swift in Sources */ = {isa = PBXBuildFile; fileRef = DE8F49AE2AA9A5810028C055 /* UIViewController+Extension.swift */; };
		DE8F49B12AA9A5980028C055 /* UIView+Extension.swift in Sources */ = {isa = PBXBuildFile; fileRef = DE8F49B02AA9A5980028C055 /* UIView+Extension.swift */; };
		DE8F49B42AA9A6940028C055 /* .gitignore in Resources */ = {isa = PBXBuildFile; fileRef = DE8F49B32AA9A6940028C055 /* .gitignore */; };
		DE8F49B62AA9A6AD0028C055 /* APIKeys.swift in Sources */ = {isa = PBXBuildFile; fileRef = DE8F49B52AA9A6AD0028C055 /* APIKeys.swift */; };
/* End PBXBuildFile section */

/* Begin PBXFileReference section */
		DE8F497E2AA99EFB0028C055 /* SeSAC_ShoppingBag.app */ = {isa = PBXFileReference; explicitFileType = wrapper.application; includeInIndex = 0; path = SeSAC_ShoppingBag.app; sourceTree = BUILT_PRODUCTS_DIR; };
		DE8F49812AA99EFB0028C055 /* AppDelegate.swift */ = {isa = PBXFileReference; lastKnownFileType = sourcecode.swift; path = AppDelegate.swift; sourceTree = "<group>"; };
		DE8F49832AA99EFB0028C055 /* SceneDelegate.swift */ = {isa = PBXFileReference; lastKnownFileType = sourcecode.swift; path = SceneDelegate.swift; sourceTree = "<group>"; };
		DE8F49852AA99EFB0028C055 /* ViewController.swift */ = {isa = PBXFileReference; lastKnownFileType = sourcecode.swift; path = ViewController.swift; sourceTree = "<group>"; };
		DE8F498A2AA99EFD0028C055 /* Assets.xcassets */ = {isa = PBXFileReference; lastKnownFileType = folder.assetcatalog; path = Assets.xcassets; sourceTree = "<group>"; };
		DE8F498D2AA99EFD0028C055 /* Base */ = {isa = PBXFileReference; lastKnownFileType = file.storyboard; name = Base; path = Base.lproj/LaunchScreen.storyboard; sourceTree = "<group>"; };
		DE8F498F2AA99EFD0028C055 /* Info.plist */ = {isa = PBXFileReference; lastKnownFileType = text.plist.xml; path = Info.plist; sourceTree = "<group>"; };
		DE8F49A72AA9A3E40028C055 /* BaseView.swift */ = {isa = PBXFileReference; lastKnownFileType = sourcecode.swift; path = BaseView.swift; sourceTree = "<group>"; };
		DE8F49AC2AA9A50B0028C055 /* BaseViewController.swift */ = {isa = PBXFileReference; lastKnownFileType = sourcecode.swift; path = BaseViewController.swift; sourceTree = "<group>"; };
		DE8F49AE2AA9A5810028C055 /* UIViewController+Extension.swift */ = {isa = PBXFileReference; lastKnownFileType = sourcecode.swift; path = "UIViewController+Extension.swift"; sourceTree = "<group>"; };
		DE8F49B02AA9A5980028C055 /* UIView+Extension.swift */ = {isa = PBXFileReference; lastKnownFileType = sourcecode.swift; path = "UIView+Extension.swift"; sourceTree = "<group>"; };
		DE8F49B32AA9A6940028C055 /* .gitignore */ = {isa = PBXFileReference; lastKnownFileType = text; path = .gitignore; sourceTree = "<group>"; };
		DE8F49B52AA9A6AD0028C055 /* APIKeys.swift */ = {isa = PBXFileReference; lastKnownFileType = sourcecode.swift; path = APIKeys.swift; sourceTree = "<group>"; };
/* End PBXFileReference section */

/* Begin PBXFrameworksBuildPhase section */
		DE8F497B2AA99EFB0028C055 /* Frameworks */ = {
			isa = PBXFrameworksBuildPhase;
			buildActionMask = 2147483647;
			files = (
				DE8F499F2AA99F930028C055 /* RealmSwift in Frameworks */,
				DE8F499D2AA99F930028C055 /* Realm in Frameworks */,
				DE8F49972AA99F250028C055 /* SnapKit in Frameworks */,
				DE8F499A2AA99F340028C055 /* Alamofire in Frameworks */,
			);
			runOnlyForDeploymentPostprocessing = 0;
		};
/* End PBXFrameworksBuildPhase section */

/* Begin PBXGroup section */
		DE8F49752AA99EFB0028C055 = {
			isa = PBXGroup;
			children = (
				DE8F49802AA99EFB0028C055 /* SeSAC_ShoppingBag */,
				DE8F497F2AA99EFB0028C055 /* Products */,
			);
			sourceTree = "<group>";
		};
		DE8F497F2AA99EFB0028C055 /* Products */ = {
			isa = PBXGroup;
			children = (
				DE8F497E2AA99EFB0028C055 /* SeSAC_ShoppingBag.app */,
			);
			name = Products;
			sourceTree = "<group>";
		};
		DE8F49802AA99EFB0028C055 /* SeSAC_ShoppingBag */ = {
			isa = PBXGroup;
			children = (
				DE8F49A52AA9A31A0028C055 /* Asset */,
				DE8F49A42AA9A1870028C055 /* App */,
				DE8F49A32AA9A1820028C055 /* Helper */,
				DE8F49A22AA9A17C0028C055 /* Model */,
				DE8F49A12AA9A1660028C055 /* Extension */,
				DE8F49A02AA9A1600028C055 /* Scene */,
				DE8F49852AA99EFB0028C055 /* ViewController.swift */,
				DE8F498F2AA99EFD0028C055 /* Info.plist */,
				DE8F49B32AA9A6940028C055 /* .gitignore */,
			);
			path = SeSAC_ShoppingBag;
			sourceTree = "<group>";
		};
		DE8F49A02AA9A1600028C055 /* Scene */ = {
			isa = PBXGroup;
			children = (
				DE8F49A62AA9A3C70028C055 /* Base */,
			);
			path = Scene;
			sourceTree = "<group>";
		};
		DE8F49A12AA9A1660028C055 /* Extension */ = {
			isa = PBXGroup;
			children = (
				DE8F49AE2AA9A5810028C055 /* UIViewController+Extension.swift */,
				DE8F49B02AA9A5980028C055 /* UIView+Extension.swift */,
			);
			path = Extension;
			sourceTree = "<group>";
		};
		DE8F49A22AA9A17C0028C055 /* Model */ = {
			isa = PBXGroup;
			children = (
			);
			path = Model;
			sourceTree = "<group>";
		};
		DE8F49A32AA9A1820028C055 /* Helper */ = {
			isa = PBXGroup;
			children = (
				DE8F49B52AA9A6AD0028C055 /* APIKeys.swift */,
			);
			path = Helper;
			sourceTree = "<group>";
		};
		DE8F49A42AA9A1870028C055 /* App */ = {
			isa = PBXGroup;
			children = (
				DE8F49812AA99EFB0028C055 /* AppDelegate.swift */,
				DE8F49832AA99EFB0028C055 /* SceneDelegate.swift */,
			);
			path = App;
			sourceTree = "<group>";
		};
		DE8F49A52AA9A31A0028C055 /* Asset */ = {
			isa = PBXGroup;
			children = (
				DE8F498A2AA99EFD0028C055 /* Assets.xcassets */,
				DE8F498C2AA99EFD0028C055 /* LaunchScreen.storyboard */,
			);
			path = Asset;
			sourceTree = "<group>";
		};
		DE8F49A62AA9A3C70028C055 /* Base */ = {
			isa = PBXGroup;
			children = (
				DE8F49A72AA9A3E40028C055 /* BaseView.swift */,
				DE8F49AC2AA9A50B0028C055 /* BaseViewController.swift */,
			);
			path = Base;
			sourceTree = "<group>";
		};
/* End PBXGroup section */

/* Begin PBXNativeTarget section */
		DE8F497D2AA99EFB0028C055 /* SeSAC_ShoppingBag */ = {
			isa = PBXNativeTarget;
			buildConfigurationList = DE8F49922AA99EFD0028C055 /* Build configuration list for PBXNativeTarget "SeSAC_ShoppingBag" */;
			buildPhases = (
				DE8F497A2AA99EFB0028C055 /* Sources */,
				DE8F497B2AA99EFB0028C055 /* Frameworks */,
				DE8F497C2AA99EFB0028C055 /* Resources */,
			);
			buildRules = (
			);
			dependencies = (
			);
			name = SeSAC_ShoppingBag;
			packageProductDependencies = (
				DE8F49962AA99F250028C055 /* SnapKit */,
				DE8F49992AA99F340028C055 /* Alamofire */,
				DE8F499C2AA99F930028C055 /* Realm */,
				DE8F499E2AA99F930028C055 /* RealmSwift */,
			);
			productName = SeSAC_ShoppingBag;
			productReference = DE8F497E2AA99EFB0028C055 /* SeSAC_ShoppingBag.app */;
			productType = "com.apple.product-type.application";
		};
/* End PBXNativeTarget section */

/* Begin PBXProject section */
		DE8F49762AA99EFB0028C055 /* Project object */ = {
			isa = PBXProject;
			attributes = {
				BuildIndependentTargetsInParallel = 1;
				LastSwiftUpdateCheck = 1430;
				LastUpgradeCheck = 1430;
				TargetAttributes = {
					DE8F497D2AA99EFB0028C055 = {
						CreatedOnToolsVersion = 14.3.1;
					};
				};
			};
			buildConfigurationList = DE8F49792AA99EFB0028C055 /* Build configuration list for PBXProject "SeSAC_ShoppingBag" */;
			compatibilityVersion = "Xcode 14.0";
			developmentRegion = en;
			hasScannedForEncodings = 0;
			knownRegions = (
				en,
				Base,
			);
			mainGroup = DE8F49752AA99EFB0028C055;
			packageReferences = (
				DE8F49952AA99F250028C055 /* XCRemoteSwiftPackageReference "SnapKit" */,
				DE8F49982AA99F340028C055 /* XCRemoteSwiftPackageReference "Alamofire" */,
				DE8F499B2AA99F930028C055 /* XCRemoteSwiftPackageReference "realm-swift" */,
			);
			productRefGroup = DE8F497F2AA99EFB0028C055 /* Products */;
			projectDirPath = "";
			projectRoot = "";
			targets = (
				DE8F497D2AA99EFB0028C055 /* SeSAC_ShoppingBag */,
			);
		};
/* End PBXProject section */

/* Begin PBXResourcesBuildPhase section */
		DE8F497C2AA99EFB0028C055 /* Resources */ = {
			isa = PBXResourcesBuildPhase;
			buildActionMask = 2147483647;
			files = (
				DE8F498E2AA99EFD0028C055 /* LaunchScreen.storyboard in Resources */,
				DE8F49B42AA9A6940028C055 /* .gitignore in Resources */,
				DE8F498B2AA99EFD0028C055 /* Assets.xcassets in Resources */,
			);
			runOnlyForDeploymentPostprocessing = 0;
		};
/* End PBXResourcesBuildPhase section */

/* Begin PBXSourcesBuildPhase section */
		DE8F497A2AA99EFB0028C055 /* Sources */ = {
			isa = PBXSourcesBuildPhase;
			buildActionMask = 2147483647;
			files = (
				DE8F49AD2AA9A50B0028C055 /* BaseViewController.swift in Sources */,
				DE8F49B12AA9A5980028C055 /* UIView+Extension.swift in Sources */,
				DE8F49862AA99EFB0028C055 /* ViewController.swift in Sources */,
				DE8F49AF2AA9A5810028C055 /* UIViewController+Extension.swift in Sources */,
				DE8F49822AA99EFB0028C055 /* AppDelegate.swift in Sources */,
				DE8F49842AA99EFB0028C055 /* SceneDelegate.swift in Sources */,
				DE8F49B62AA9A6AD0028C055 /* APIKeys.swift in Sources */,
				DE8F49A82AA9A3E40028C055 /* BaseView.swift in Sources */,
			);
			runOnlyForDeploymentPostprocessing = 0;
		};
/* End PBXSourcesBuildPhase section */

/* Begin PBXVariantGroup section */
		DE8F498C2AA99EFD0028C055 /* LaunchScreen.storyboard */ = {
			isa = PBXVariantGroup;
			children = (
				DE8F498D2AA99EFD0028C055 /* Base */,
			);
			name = LaunchScreen.storyboard;
			sourceTree = "<group>";
		};
/* End PBXVariantGroup section */

/* Begin XCBuildConfiguration section */
		DE8F49902AA99EFD0028C055 /* Debug */ = {
			isa = XCBuildConfiguration;
			buildSettings = {
				ALWAYS_SEARCH_USER_PATHS = NO;
				CLANG_ANALYZER_NONNULL = YES;
				CLANG_ANALYZER_NUMBER_OBJECT_CONVERSION = YES_AGGRESSIVE;
				CLANG_CXX_LANGUAGE_STANDARD = "gnu++20";
				CLANG_ENABLE_MODULES = YES;
				CLANG_ENABLE_OBJC_ARC = YES;
				CLANG_ENABLE_OBJC_WEAK = YES;
				CLANG_WARN_BLOCK_CAPTURE_AUTORELEASING = YES;
				CLANG_WARN_BOOL_CONVERSION = YES;
				CLANG_WARN_COMMA = YES;
				CLANG_WARN_CONSTANT_CONVERSION = YES;
				CLANG_WARN_DEPRECATED_OBJC_IMPLEMENTATIONS = YES;
				CLANG_WARN_DIRECT_OBJC_ISA_USAGE = YES_ERROR;
				CLANG_WARN_DOCUMENTATION_COMMENTS = YES;
				CLANG_WARN_EMPTY_BODY = YES;
				CLANG_WARN_ENUM_CONVERSION = YES;
				CLANG_WARN_INFINITE_RECURSION = YES;
				CLANG_WARN_INT_CONVERSION = YES;
				CLANG_WARN_NON_LITERAL_NULL_CONVERSION = YES;
				CLANG_WARN_OBJC_IMPLICIT_RETAIN_SELF = YES;
				CLANG_WARN_OBJC_LITERAL_CONVERSION = YES;
				CLANG_WARN_OBJC_ROOT_CLASS = YES_ERROR;
				CLANG_WARN_QUOTED_INCLUDE_IN_FRAMEWORK_HEADER = YES;
				CLANG_WARN_RANGE_LOOP_ANALYSIS = YES;
				CLANG_WARN_STRICT_PROTOTYPES = YES;
				CLANG_WARN_SUSPICIOUS_MOVE = YES;
				CLANG_WARN_UNGUARDED_AVAILABILITY = YES_AGGRESSIVE;
				CLANG_WARN_UNREACHABLE_CODE = YES;
				CLANG_WARN__DUPLICATE_METHOD_MATCH = YES;
				COPY_PHASE_STRIP = NO;
				DEBUG_INFORMATION_FORMAT = dwarf;
				ENABLE_STRICT_OBJC_MSGSEND = YES;
				ENABLE_TESTABILITY = YES;
				GCC_C_LANGUAGE_STANDARD = gnu11;
				GCC_DYNAMIC_NO_PIC = NO;
				GCC_NO_COMMON_BLOCKS = YES;
				GCC_OPTIMIZATION_LEVEL = 0;
				GCC_PREPROCESSOR_DEFINITIONS = (
					"DEBUG=1",
					"$(inherited)",
				);
				GCC_WARN_64_TO_32_BIT_CONVERSION = YES;
				GCC_WARN_ABOUT_RETURN_TYPE = YES_ERROR;
				GCC_WARN_UNDECLARED_SELECTOR = YES;
				GCC_WARN_UNINITIALIZED_AUTOS = YES_AGGRESSIVE;
				GCC_WARN_UNUSED_FUNCTION = YES;
				GCC_WARN_UNUSED_VARIABLE = YES;
				IPHONEOS_DEPLOYMENT_TARGET = 16.4;
				MTL_ENABLE_DEBUG_INFO = INCLUDE_SOURCE;
				MTL_FAST_MATH = YES;
				ONLY_ACTIVE_ARCH = YES;
				SDKROOT = iphoneos;
				SWIFT_ACTIVE_COMPILATION_CONDITIONS = DEBUG;
				SWIFT_OPTIMIZATION_LEVEL = "-Onone";
			};
			name = Debug;
		};
		DE8F49912AA99EFD0028C055 /* Release */ = {
			isa = XCBuildConfiguration;
			buildSettings = {
				ALWAYS_SEARCH_USER_PATHS = NO;
				CLANG_ANALYZER_NONNULL = YES;
				CLANG_ANALYZER_NUMBER_OBJECT_CONVERSION = YES_AGGRESSIVE;
				CLANG_CXX_LANGUAGE_STANDARD = "gnu++20";
				CLANG_ENABLE_MODULES = YES;
				CLANG_ENABLE_OBJC_ARC = YES;
				CLANG_ENABLE_OBJC_WEAK = YES;
				CLANG_WARN_BLOCK_CAPTURE_AUTORELEASING = YES;
				CLANG_WARN_BOOL_CONVERSION = YES;
				CLANG_WARN_COMMA = YES;
				CLANG_WARN_CONSTANT_CONVERSION = YES;
				CLANG_WARN_DEPRECATED_OBJC_IMPLEMENTATIONS = YES;
				CLANG_WARN_DIRECT_OBJC_ISA_USAGE = YES_ERROR;
				CLANG_WARN_DOCUMENTATION_COMMENTS = YES;
				CLANG_WARN_EMPTY_BODY = YES;
				CLANG_WARN_ENUM_CONVERSION = YES;
				CLANG_WARN_INFINITE_RECURSION = YES;
				CLANG_WARN_INT_CONVERSION = YES;
				CLANG_WARN_NON_LITERAL_NULL_CONVERSION = YES;
				CLANG_WARN_OBJC_IMPLICIT_RETAIN_SELF = YES;
				CLANG_WARN_OBJC_LITERAL_CONVERSION = YES;
				CLANG_WARN_OBJC_ROOT_CLASS = YES_ERROR;
				CLANG_WARN_QUOTED_INCLUDE_IN_FRAMEWORK_HEADER = YES;
				CLANG_WARN_RANGE_LOOP_ANALYSIS = YES;
				CLANG_WARN_STRICT_PROTOTYPES = YES;
				CLANG_WARN_SUSPICIOUS_MOVE = YES;
				CLANG_WARN_UNGUARDED_AVAILABILITY = YES_AGGRESSIVE;
				CLANG_WARN_UNREACHABLE_CODE = YES;
				CLANG_WARN__DUPLICATE_METHOD_MATCH = YES;
				COPY_PHASE_STRIP = NO;
				DEBUG_INFORMATION_FORMAT = "dwarf-with-dsym";
				ENABLE_NS_ASSERTIONS = NO;
				ENABLE_STRICT_OBJC_MSGSEND = YES;
				GCC_C_LANGUAGE_STANDARD = gnu11;
				GCC_NO_COMMON_BLOCKS = YES;
				GCC_WARN_64_TO_32_BIT_CONVERSION = YES;
				GCC_WARN_ABOUT_RETURN_TYPE = YES_ERROR;
				GCC_WARN_UNDECLARED_SELECTOR = YES;
				GCC_WARN_UNINITIALIZED_AUTOS = YES_AGGRESSIVE;
				GCC_WARN_UNUSED_FUNCTION = YES;
				GCC_WARN_UNUSED_VARIABLE = YES;
				IPHONEOS_DEPLOYMENT_TARGET = 16.4;
				MTL_ENABLE_DEBUG_INFO = NO;
				MTL_FAST_MATH = YES;
				SDKROOT = iphoneos;
				SWIFT_COMPILATION_MODE = wholemodule;
				SWIFT_OPTIMIZATION_LEVEL = "-O";
				VALIDATE_PRODUCT = YES;
			};
			name = Release;
		};
		DE8F49932AA99EFD0028C055 /* Debug */ = {
			isa = XCBuildConfiguration;
			buildSettings = {
				ASSETCATALOG_COMPILER_APPICON_NAME = AppIcon;
				ASSETCATALOG_COMPILER_GLOBAL_ACCENT_COLOR_NAME = AccentColor;
				CODE_SIGN_STYLE = Automatic;
				CURRENT_PROJECT_VERSION = 1;
				DEVELOPMENT_TEAM = AYG8MBJF93;
				GENERATE_INFOPLIST_FILE = YES;
				INFOPLIST_FILE = SeSAC_ShoppingBag/Info.plist;
				INFOPLIST_KEY_LSApplicationCategoryType = "public.app-category.shopping";
				INFOPLIST_KEY_UIApplicationSupportsIndirectInputEvents = YES;
				INFOPLIST_KEY_UILaunchStoryboardName = LaunchScreen;
				INFOPLIST_KEY_UISupportedInterfaceOrientations = UIInterfaceOrientationPortrait;
				INFOPLIST_KEY_UISupportedInterfaceOrientations_iPad = "UIInterfaceOrientationLandscapeLeft UIInterfaceOrientationLandscapeRight UIInterfaceOrientationPortrait UIInterfaceOrientationPortraitUpsideDown";
				IPHONEOS_DEPLOYMENT_TARGET = 13.0;
				LD_RUNPATH_SEARCH_PATHS = (
					"$(inherited)",
					"@executable_path/Frameworks",
				);
				MARKETING_VERSION = 1.0;
				PRODUCT_BUNDLE_IDENTIFIER = "ILWAT-com.github.SeSAC-ShoppingBag";
				PRODUCT_NAME = "$(TARGET_NAME)";
				SUPPORTED_PLATFORMS = "iphoneos iphonesimulator";
				SUPPORTS_MACCATALYST = NO;
				SUPPORTS_MAC_DESIGNED_FOR_IPHONE_IPAD = NO;
				SWIFT_EMIT_LOC_STRINGS = YES;
				SWIFT_VERSION = 5.0;
				TARGETED_DEVICE_FAMILY = 1;
			};
			name = Debug;
		};
		DE8F49942AA99EFD0028C055 /* Release */ = {
			isa = XCBuildConfiguration;
			buildSettings = {
				ASSETCATALOG_COMPILER_APPICON_NAME = AppIcon;
				ASSETCATALOG_COMPILER_GLOBAL_ACCENT_COLOR_NAME = AccentColor;
				CODE_SIGN_STYLE = Automatic;
				CURRENT_PROJECT_VERSION = 1;
				DEVELOPMENT_TEAM = AYG8MBJF93;
				GENERATE_INFOPLIST_FILE = YES;
				INFOPLIST_FILE = SeSAC_ShoppingBag/Info.plist;
				INFOPLIST_KEY_LSApplicationCategoryType = "public.app-category.shopping";
				INFOPLIST_KEY_UIApplicationSupportsIndirectInputEvents = YES;
				INFOPLIST_KEY_UILaunchStoryboardName = LaunchScreen;
				INFOPLIST_KEY_UISupportedInterfaceOrientations = UIInterfaceOrientationPortrait;
				INFOPLIST_KEY_UISupportedInterfaceOrientations_iPad = "UIInterfaceOrientationLandscapeLeft UIInterfaceOrientationLandscapeRight UIInterfaceOrientationPortrait UIInterfaceOrientationPortraitUpsideDown";
				IPHONEOS_DEPLOYMENT_TARGET = 13.0;
				LD_RUNPATH_SEARCH_PATHS = (
					"$(inherited)",
					"@executable_path/Frameworks",
				);
				MARKETING_VERSION = 1.0;
				PRODUCT_BUNDLE_IDENTIFIER = "ILWAT-com.github.SeSAC-ShoppingBag";
				PRODUCT_NAME = "$(TARGET_NAME)";
				SUPPORTED_PLATFORMS = "iphoneos iphonesimulator";
				SUPPORTS_MACCATALYST = NO;
				SUPPORTS_MAC_DESIGNED_FOR_IPHONE_IPAD = NO;
				SWIFT_EMIT_LOC_STRINGS = YES;
				SWIFT_VERSION = 5.0;
				TARGETED_DEVICE_FAMILY = 1;
			};
			name = Release;
		};
/* End XCBuildConfiguration section */

/* Begin XCConfigurationList section */
		DE8F49792AA99EFB0028C055 /* Build configuration list for PBXProject "SeSAC_ShoppingBag" */ = {
			isa = XCConfigurationList;
			buildConfigurations = (
				DE8F49902AA99EFD0028C055 /* Debug */,
				DE8F49912AA99EFD0028C055 /* Release */,
			);
			defaultConfigurationIsVisible = 0;
			defaultConfigurationName = Release;
		};
		DE8F49922AA99EFD0028C055 /* Build configuration list for PBXNativeTarget "SeSAC_ShoppingBag" */ = {
			isa = XCConfigurationList;
			buildConfigurations = (
				DE8F49932AA99EFD0028C055 /* Debug */,
				DE8F49942AA99EFD0028C055 /* Release */,
			);
			defaultConfigurationIsVisible = 0;
			defaultConfigurationName = Release;
		};
/* End XCConfigurationList section */

/* Begin XCRemoteSwiftPackageReference section */
		DE8F49952AA99F250028C055 /* XCRemoteSwiftPackageReference "SnapKit" */ = {
			isa = XCRemoteSwiftPackageReference;
			repositoryURL = "https://github.com/SnapKit/SnapKit.git";
			requirement = {
				kind = upToNextMinorVersion;
				minimumVersion = 5.6.0;
			};
		};
		DE8F49982AA99F340028C055 /* XCRemoteSwiftPackageReference "Alamofire" */ = {
			isa = XCRemoteSwiftPackageReference;
			repositoryURL = "https://github.com/Alamofire/Alamofire";
			requirement = {
				kind = upToNextMinorVersion;
				minimumVersion = 5.8.0;
			};
		};
		DE8F499B2AA99F930028C055 /* XCRemoteSwiftPackageReference "realm-swift" */ = {
			isa = XCRemoteSwiftPackageReference;
			repositoryURL = "https://github.com/realm/realm-swift.git";
			requirement = {
				kind = exactVersion;
				version = 10.42.1;
			};
		};
/* End XCRemoteSwiftPackageReference section */

/* Begin XCSwiftPackageProductDependency section */
		DE8F49962AA99F250028C055 /* SnapKit */ = {
			isa = XCSwiftPackageProductDependency;
			package = DE8F49952AA99F250028C055 /* XCRemoteSwiftPackageReference "SnapKit" */;
			productName = SnapKit;
		};
		DE8F49992AA99F340028C055 /* Alamofire */ = {
			isa = XCSwiftPackageProductDependency;
			package = DE8F49982AA99F340028C055 /* XCRemoteSwiftPackageReference "Alamofire" */;
			productName = Alamofire;
		};
		DE8F499C2AA99F930028C055 /* Realm */ = {
			isa = XCSwiftPackageProductDependency;
			package = DE8F499B2AA99F930028C055 /* XCRemoteSwiftPackageReference "realm-swift" */;
			productName = Realm;
		};
		DE8F499E2AA99F930028C055 /* RealmSwift */ = {
			isa = XCSwiftPackageProductDependency;
			package = DE8F499B2AA99F930028C055 /* XCRemoteSwiftPackageReference "realm-swift" */;
			productName = RealmSwift;
		};
/* End XCSwiftPackageProductDependency section */
	};
	rootObject = DE8F49762AA99EFB0028C055 /* Project object */;
}
